
Microsoft Visual Studio Solution File, Format Version 12.00
# Visual Studio Version 17
VisualStudioVersion = 17.6.33829.357
MinimumVisualStudioVersion = 10.0.40219.1
Project("{9A19103F-16F7-4668-BE54-9A1E7A4F7556}") = "api-traveller", "api-traveller\api-traveller.csproj", "{01DB19A6-D6EA-4BDE-AE18-779F5CF1C5E2}"
EndProject
Project("{FAE04EC0-301F-11D3-BF4B-00C04F79EFBC}") = "Core", "Core\Core.csproj", "{3E18C494-9466-49CB-B32C-3612382548FA}"
EndProject
Project("{FAE04EC0-301F-11D3-BF4B-00C04F79EFBC}") = "Infraestrutura", "Infraestrutura\Infraestrutura.csproj", "{620C45DB-C505-40F9-A47E-0700F23811B2}"
EndProject
Project("{FAE04EC0-301F-11D3-BF4B-00C04F79EFBC}") = "Utils", "Utils\Utils.csproj", "{07593CB3-FA24-43D5-9811-4953F12616E9}"
EndProject
Global
	GlobalSection(SolutionConfigurationPlatforms) = preSolution
		Debug|Any CPU = Debug|Any CPU
		Release|Any CPU = Release|Any CPU
	EndGlobalSection
	GlobalSection(ProjectConfigurationPlatforms) = postSolution
		{01DB19A6-D6EA-4BDE-AE18-779F5CF1C5E2}.Debug|Any CPU.ActiveCfg = Debug|Any CPU
		{01DB19A6-D6EA-4BDE-AE18-779F5CF1C5E2}.Debug|Any CPU.Build.0 = Debug|Any CPU
		{01DB19A6-D6EA-4BDE-AE18-779F5CF1C5E2}.Release|Any CPU.ActiveCfg = Release|Any CPU
		{01DB19A6-D6EA-4BDE-AE18-779F5CF1C5E2}.Release|Any CPU.Build.0 = Release|Any CPU
		{3E18C494-9466-49CB-B32C-3612382548FA}.Debug|Any CPU.ActiveCfg = Debug|Any CPU
		{3E18C494-9466-49CB-B32C-3612382548FA}.Debug|Any CPU.Build.0 = Debug|Any CPU
		{3E18C494-9466-49CB-B32C-3612382548FA}.Release|Any CPU.ActiveCfg = Release|Any CPU
		{3E18C494-9466-49CB-B32C-3612382548FA}.Release|Any CPU.Build.0 = Release|Any CPU
		{620C45DB-C505-40F9-A47E-0700F23811B2}.Debug|Any CPU.ActiveCfg = Debug|Any CPU
		{620C45DB-C505-40F9-A47E-0700F23811B2}.Debug|Any CPU.Build.0 = Debug|Any CPU
		{620C45DB-C505-40F9-A47E-0700F23811B2}.Release|Any CPU.ActiveCfg = Release|Any CPU
		{620C45DB-C505-40F9-A47E-0700F23811B2}.Release|Any CPU.Build.0 = Release|Any CPU
		{07593CB3-FA24-43D5-9811-4953F12616E9}.Debug|Any CPU.ActiveCfg = Debug|Any CPU
		{07593CB3-FA24-43D5-9811-4953F12616E9}.Debug|Any CPU.Build.0 = Debug|Any CPU
		{07593CB3-FA24-43D5-9811-4953F12616E9}.Release|Any CPU.ActiveCfg = Release|Any CPU
		{07593CB3-FA24-43D5-9811-4953F12616E9}.Release|Any CPU.Build.0 = Release|Any CPU
	EndGlobalSection
	GlobalSection(SolutionProperties) = preSolution
		HideSolutionNode = FALSE
	EndGlobalSection
	GlobalSection(ExtensibilityGlobals) = postSolution
		SolutionGuid = {F0E917C7-BA20-4517-91FD-F04A6DF15626}
	EndGlobalSection
EndGlobal
